// !$*UTF8*$!
{
	archiveVersion = 1;
	classes = {
	};
	objectVersion = 56;
	objects = {

/* Begin PBXBuildFile section */
		302884FD29D163A100BE2E72 /* testRepoApp.swift in Sources */ = {isa = PBXBuildFile; fileRef = 302884FC29D163A100BE2E72 /* testRepoApp.swift */; };
		302884FF29D163A100BE2E72 /* ContentView.swift in Sources */ = {isa = PBXBuildFile; fileRef = 302884FE29D163A100BE2E72 /* ContentView.swift */; };
		3028850129D163A200BE2E72 /* Assets.xcassets in Resources */ = {isa = PBXBuildFile; fileRef = 3028850029D163A200BE2E72 /* Assets.xcassets */; };
		3028850429D163A200BE2E72 /* Preview Assets.xcassets in Resources */ = {isa = PBXBuildFile; fileRef = 3028850329D163A200BE2E72 /* Preview Assets.xcassets */; };
		3028850629D163A200BE2E72 /* Persistence.swift in Sources */ = {isa = PBXBuildFile; fileRef = 3028850529D163A200BE2E72 /* Persistence.swift */; };
		3028850929D163A200BE2E72 /* testRepo.xcdatamodeld in Sources */ = {isa = PBXBuildFile; fileRef = 3028850729D163A200BE2E72 /* testRepo.xcdatamodeld */; };
		3028851329D163A200BE2E72 /* testRepoTests.swift in Sources */ = {isa = PBXBuildFile; fileRef = 3028851229D163A200BE2E72 /* testRepoTests.swift */; };
		3028851D29D163A200BE2E72 /* testRepoUITests.swift in Sources */ = {isa = PBXBuildFile; fileRef = 3028851C29D163A200BE2E72 /* testRepoUITests.swift */; };
		3028851F29D163A200BE2E72 /* testRepoUITestsLaunchTests.swift in Sources */ = {isa = PBXBuildFile; fileRef = 3028851E29D163A200BE2E72 /* testRepoUITestsLaunchTests.swift */; };
/* End PBXBuildFile section */

/* Begin PBXContainerItemProxy section */
		3028850F29D163A200BE2E72 /* PBXContainerItemProxy */ = {
			isa = PBXContainerItemProxy;
			containerPortal = 302884F129D163A100BE2E72 /* Project object */;
			proxyType = 1;
			remoteGlobalIDString = 302884F829D163A100BE2E72;
			remoteInfo = testRepo;
		};
		3028851929D163A200BE2E72 /* PBXContainerItemProxy */ = {
			isa = PBXContainerItemProxy;
			containerPortal = 302884F129D163A100BE2E72 /* Project object */;
			proxyType = 1;
			remoteGlobalIDString = 302884F829D163A100BE2E72;
			remoteInfo = testRepo;
		};
/* End PBXContainerItemProxy section */

/* Begin PBXFileReference section */
		302884F929D163A100BE2E72 /* testRepo.app */ = {isa = PBXFileReference; explicitFileType = wrapper.application; includeInIndex = 0; path = testRepo.app; sourceTree = BUILT_PRODUCTS_DIR; };
		302884FC29D163A100BE2E72 /* testRepoApp.swift */ = {isa = PBXFileReference; lastKnownFileType = sourcecode.swift; path = testRepoApp.swift; sourceTree = "<group>"; };
		302884FE29D163A100BE2E72 /* ContentView.swift */ = {isa = PBXFileReference; lastKnownFileType = sourcecode.swift; path = ContentView.swift; sourceTree = "<group>"; };
		3028850029D163A200BE2E72 /* Assets.xcassets */ = {isa = PBXFileReference; lastKnownFileType = folder.assetcatalog; path = Assets.xcassets; sourceTree = "<group>"; };
		3028850329D163A200BE2E72 /* Preview Assets.xcassets */ = {isa = PBXFileReference; lastKnownFileType = folder.assetcatalog; path = "Preview Assets.xcassets"; sourceTree = "<group>"; };
		3028850529D163A200BE2E72 /* Persistence.swift */ = {isa = PBXFileReference; lastKnownFileType = sourcecode.swift; path = Persistence.swift; sourceTree = "<group>"; };
		3028850829D163A200BE2E72 /* testRepo.xcdatamodel */ = {isa = PBXFileReference; lastKnownFileType = wrapper.xcdatamodel; path = testRepo.xcdatamodel; sourceTree = "<group>"; };
		3028850E29D163A200BE2E72 /* testRepoTests.xctest */ = {isa = PBXFileReference; explicitFileType = wrapper.cfbundle; includeInIndex = 0; path = testRepoTests.xctest; sourceTree = BUILT_PRODUCTS_DIR; };
		3028851229D163A200BE2E72 /* testRepoTests.swift */ = {isa = PBXFileReference; lastKnownFileType = sourcecode.swift; path = testRepoTests.swift; sourceTree = "<group>"; };
		3028851829D163A200BE2E72 /* testRepoUITests.xctest */ = {isa = PBXFileReference; explicitFileType = wrapper.cfbundle; includeInIndex = 0; path = testRepoUITests.xctest; sourceTree = BUILT_PRODUCTS_DIR; };
		3028851C29D163A200BE2E72 /* testRepoUITests.swift */ = {isa = PBXFileReference; lastKnownFileType = sourcecode.swift; path = testRepoUITests.swift; sourceTree = "<group>"; };
		3028851E29D163A200BE2E72 /* testRepoUITestsLaunchTests.swift */ = {isa = PBXFileReference; lastKnownFileType = sourcecode.swift; path = testRepoUITestsLaunchTests.swift; sourceTree = "<group>"; };
/* End PBXFileReference section */

/* Begin PBXFrameworksBuildPhase section */
		302884F629D163A100BE2E72 /* Frameworks */ = {
			isa = PBXFrameworksBuildPhase;
			buildActionMask = 2147483647;
			files = (
			);
			runOnlyForDeploymentPostprocessing = 0;
		};
		3028850B29D163A200BE2E72 /* Frameworks */ = {
			isa = PBXFrameworksBuildPhase;
			buildActionMask = 2147483647;
			files = (
			);
			runOnlyForDeploymentPostprocessing = 0;
		};
		3028851529D163A200BE2E72 /* Frameworks */ = {
			isa = PBXFrameworksBuildPhase;
			buildActionMask = 2147483647;
			files = (
			);
			runOnlyForDeploymentPostprocessing = 0;
		};
/* End PBXFrameworksBuildPhase section */

/* Begin PBXGroup section */
		302884F029D163A100BE2E72 = {
			isa = PBXGroup;
			children = (
				302884FB29D163A100BE2E72 /* testRepo */,
				3028851129D163A200BE2E72 /* testRepoTests */,
				3028851B29D163A200BE2E72 /* testRepoUITests */,
				302884FA29D163A100BE2E72 /* Products */,
			);
			sourceTree = "<group>";
		};
		302884FA29D163A100BE2E72 /* Products */ = {
			isa = PBXGroup;
			children = (
				302884F929D163A100BE2E72 /* testRepo.app */,
				3028850E29D163A200BE2E72 /* testRepoTests.xctest */,
				3028851829D163A200BE2E72 /* testRepoUITests.xctest */,
			);
			name = Products;
			sourceTree = "<group>";
		};
		302884FB29D163A100BE2E72 /* testRepo */ = {
			isa = PBXGroup;
			children = (
				302884FC29D163A100BE2E72 /* testRepoApp.swift */,
				302884FE29D163A100BE2E72 /* ContentView.swift */,
				3028850029D163A200BE2E72 /* Assets.xcassets */,
				3028850529D163A200BE2E72 /* Persistence.swift */,
				3028850729D163A200BE2E72 /* testRepo.xcdatamodeld */,
				3028850229D163A200BE2E72 /* Preview Content */,
			);
			path = testRepo;
			sourceTree = "<group>";
		};
		3028850229D163A200BE2E72 /* Preview Content */ = {
			isa = PBXGroup;
			children = (
				3028850329D163A200BE2E72 /* Preview Assets.xcassets */,
			);
			path = "Preview Content";
			sourceTree = "<group>";
		};
		3028851129D163A200BE2E72 /* testRepoTests */ = {
			isa = PBXGroup;
			children = (
				3028851229D163A200BE2E72 /* testRepoTests.swift */,
			);
			path = testRepoTests;
			sourceTree = "<group>";
		};
		3028851B29D163A200BE2E72 /* testRepoUITests */ = {
			isa = PBXGroup;
			children = (
				3028851C29D163A200BE2E72 /* testRepoUITests.swift */,
				3028851E29D163A200BE2E72 /* testRepoUITestsLaunchTests.swift */,
			);
			path = testRepoUITests;
			sourceTree = "<group>";
		};
/* End PBXGroup section */

/* Begin PBXNativeTarget section */
		302884F829D163A100BE2E72 /* testRepo */ = {
			isa = PBXNativeTarget;
			buildConfigurationList = 3028852229D163A200BE2E72 /* Build configuration list for PBXNativeTarget "testRepo" */;
			buildPhases = (
				302884F529D163A100BE2E72 /* Sources */,
				302884F629D163A100BE2E72 /* Frameworks */,
				302884F729D163A100BE2E72 /* Resources */,
			);
			buildRules = (
			);
			dependencies = (
			);
			name = testRepo;
			productName = testRepo;
			productReference = 302884F929D163A100BE2E72 /* testRepo.app */;
			productType = "com.apple.product-type.application";
		};
		3028850D29D163A200BE2E72 /* testRepoTests */ = {
			isa = PBXNativeTarget;
			buildConfigurationList = 3028852529D163A200BE2E72 /* Build configuration list for PBXNativeTarget "testRepoTests" */;
			buildPhases = (
				3028850A29D163A200BE2E72 /* Sources */,
				3028850B29D163A200BE2E72 /* Frameworks */,
				3028850C29D163A200BE2E72 /* Resources */,
			);
			buildRules = (
			);
			dependencies = (
				3028851029D163A200BE2E72 /* PBXTargetDependency */,
			);
			name = testRepoTests;
			productName = testRepoTests;
			productReference = 3028850E29D163A200BE2E72 /* testRepoTests.xctest */;
			productType = "com.apple.product-type.bundle.unit-test";
		};
		3028851729D163A200BE2E72 /* testRepoUITests */ = {
			isa = PBXNativeTarget;
			buildConfigurationList = 3028852829D163A200BE2E72 /* Build configuration list for PBXNativeTarget "testRepoUITests" */;
			buildPhases = (
				3028851429D163A200BE2E72 /* Sources */,
				3028851529D163A200BE2E72 /* Frameworks */,
				3028851629D163A200BE2E72 /* Resources */,
			);
			buildRules = (
			);
			dependencies = (
				3028851A29D163A200BE2E72 /* PBXTargetDependency */,
			);
			name = testRepoUITests;
			productName = testRepoUITests;
			productReference = 3028851829D163A200BE2E72 /* testRepoUITests.xctest */;
			productType = "com.apple.product-type.bundle.ui-testing";
		};
/* End PBXNativeTarget section */

/* Begin PBXProject section */
		302884F129D163A100BE2E72 /* Project object */ = {
			isa = PBXProject;
			attributes = {
				BuildIndependentTargetsInParallel = 1;
				LastSwiftUpdateCheck = 1420;
				LastUpgradeCheck = 1420;
				TargetAttributes = {
					302884F829D163A100BE2E72 = {
						CreatedOnToolsVersion = 14.2;
					};
					3028850D29D163A200BE2E72 = {
						CreatedOnToolsVersion = 14.2;
						TestTargetID = 302884F829D163A100BE2E72;
					};
					3028851729D163A200BE2E72 = {
						CreatedOnToolsVersion = 14.2;
						TestTargetID = 302884F829D163A100BE2E72;
					};
				};
			};
			buildConfigurationList = 302884F429D163A100BE2E72 /* Build configuration list for PBXProject "testRepo" */;
			compatibilityVersion = "Xcode 14.0";
			developmentRegion = en;
			hasScannedForEncodings = 0;
			knownRegions = (
				en,
				Base,
			);
			mainGroup = 302884F029D163A100BE2E72;
			productRefGroup = 302884FA29D163A100BE2E72 /* Products */;
			projectDirPath = "";
			projectRoot = "";
			targets = (
				302884F829D163A100BE2E72 /* testRepo */,
				3028850D29D163A200BE2E72 /* testRepoTests */,
				3028851729D163A200BE2E72 /* testRepoUITests */,
			);
		};
/* End PBXProject section */

/* Begin PBXResourcesBuildPhase section */
		302884F729D163A100BE2E72 /* Resources */ = {
			isa = PBXResourcesBuildPhase;
			buildActionMask = 2147483647;
			files = (
				3028850429D163A200BE2E72 /* Preview Assets.xcassets in Resources */,
				3028850129D163A200BE2E72 /* Assets.xcassets in Resources */,
			);
			runOnlyForDeploymentPostprocessing = 0;
		};
		3028850C29D163A200BE2E72 /* Resources */ = {
			isa = PBXResourcesBuildPhase;
			buildActionMask = 2147483647;
			files = (
			);
			runOnlyForDeploymentPostprocessing = 0;
		};
		3028851629D163A200BE2E72 /* Resources */ = {
			isa = PBXResourcesBuildPhase;
			buildActionMask = 2147483647;
			files = (
			);
			runOnlyForDeploymentPostprocessing = 0;
		};
/* End PBXResourcesBuildPhase section */

/* Begin PBXSourcesBuildPhase section */
		302884F529D163A100BE2E72 /* Sources */ = {
			isa = PBXSourcesBuildPhase;
			buildActionMask = 2147483647;
			files = (
				3028850629D163A200BE2E72 /* Persistence.swift in Sources */,
				302884FF29D163A100BE2E72 /* ContentView.swift in Sources */,
				302884FD29D163A100BE2E72 /* testRepoApp.swift in Sources */,
				3028850929D163A200BE2E72 /* testRepo.xcdatamodeld in Sources */,
			);
			runOnlyForDeploymentPostprocessing = 0;
		};
		3028850A29D163A200BE2E72 /* Sources */ = {
			isa = PBXSourcesBuildPhase;
			buildActionMask = 2147483647;
			files = (
				3028851329D163A200BE2E72 /* testRepoTests.swift in Sources */,
			);
			runOnlyForDeploymentPostprocessing = 0;
		};
		3028851429D163A200BE2E72 /* Sources */ = {
			isa = PBXSourcesBuildPhase;
			buildActionMask = 2147483647;
			files = (
				3028851F29D163A200BE2E72 /* testRepoUITestsLaunchTests.swift in Sources */,
				3028851D29D163A200BE2E72 /* testRepoUITests.swift in Sources */,
			);
			runOnlyForDeploymentPostprocessing = 0;
		};
/* End PBXSourcesBuildPhase section */

/* Begin PBXTargetDependency section */
		3028851029D163A200BE2E72 /* PBXTargetDependency */ = {
			isa = PBXTargetDependency;
			target = 302884F829D163A100BE2E72 /* testRepo */;
			targetProxy = 3028850F29D163A200BE2E72 /* PBXContainerItemProxy */;
		};
		3028851A29D163A200BE2E72 /* PBXTargetDependency */ = {
			isa = PBXTargetDependency;
			target = 302884F829D163A100BE2E72 /* testRepo */;
			targetProxy = 3028851929D163A200BE2E72 /* PBXContainerItemProxy */;
		};
/* End PBXTargetDependency section */

/* Begin XCBuildConfiguration section */
		3028852029D163A200BE2E72 /* Debug */ = {
			isa = XCBuildConfiguration;
			buildSettings = {
				ALWAYS_SEARCH_USER_PATHS = NO;
				CLANG_ANALYZER_NONNULL = YES;
				CLANG_ANALYZER_NUMBER_OBJECT_CONVERSION = YES_AGGRESSIVE;
				CLANG_CXX_LANGUAGE_STANDARD = "gnu++20";
				CLANG_ENABLE_MODULES = YES;
				CLANG_ENABLE_OBJC_ARC = YES;
				CLANG_ENABLE_OBJC_WEAK = YES;
				CLANG_WARN_BLOCK_CAPTURE_AUTORELEASING = YES;
				CLANG_WARN_BOOL_CONVERSION = YES;
				CLANG_WARN_COMMA = YES;
				CLANG_WARN_CONSTANT_CONVERSION = YES;
				CLANG_WARN_DEPRECATED_OBJC_IMPLEMENTATIONS = YES;
				CLANG_WARN_DIRECT_OBJC_ISA_USAGE = YES_ERROR;
				CLANG_WARN_DOCUMENTATION_COMMENTS = YES;
				CLANG_WARN_EMPTY_BODY = YES;
				CLANG_WARN_ENUM_CONVERSION = YES;
				CLANG_WARN_INFINITE_RECURSION = YES;
				CLANG_WARN_INT_CONVERSION = YES;
				CLANG_WARN_NON_LITERAL_NULL_CONVERSION = YES;
				CLANG_WARN_OBJC_IMPLICIT_RETAIN_SELF = YES;
				CLANG_WARN_OBJC_LITERAL_CONVERSION = YES;
				CLANG_WARN_OBJC_ROOT_CLASS = YES_ERROR;
				CLANG_WARN_QUOTED_INCLUDE_IN_FRAMEWORK_HEADER = YES;
				CLANG_WARN_RANGE_LOOP_ANALYSIS = YES;
				CLANG_WARN_STRICT_PROTOTYPES = YES;
				CLANG_WARN_SUSPICIOUS_MOVE = YES;
				CLANG_WARN_UNGUARDED_AVAILABILITY = YES_AGGRESSIVE;
				CLANG_WARN_UNREACHABLE_CODE = YES;
				CLANG_WARN__DUPLICATE_METHOD_MATCH = YES;
				COPY_PHASE_STRIP = NO;
				DEBUG_INFORMATION_FORMAT = dwarf;
				ENABLE_STRICT_OBJC_MSGSEND = YES;
				ENABLE_TESTABILITY = YES;
				GCC_C_LANGUAGE_STANDARD = gnu11;
				GCC_DYNAMIC_NO_PIC = NO;
				GCC_NO_COMMON_BLOCKS = YES;
				GCC_OPTIMIZATION_LEVEL = 0;
				GCC_PREPROCESSOR_DEFINITIONS = (
					"DEBUG=1",
					"$(inherited)",
				);
				GCC_WARN_64_TO_32_BIT_CONVERSION = YES;
				GCC_WARN_ABOUT_RETURN_TYPE = YES_ERROR;
				GCC_WARN_UNDECLARED_SELECTOR = YES;
				GCC_WARN_UNINITIALIZED_AUTOS = YES_AGGRESSIVE;
				GCC_WARN_UNUSED_FUNCTION = YES;
				GCC_WARN_UNUSED_VARIABLE = YES;
				IPHONEOS_DEPLOYMENT_TARGET = 16.2;
				MTL_ENABLE_DEBUG_INFO = INCLUDE_SOURCE;
				MTL_FAST_MATH = YES;
				ONLY_ACTIVE_ARCH = YES;
				SDKROOT = iphoneos;
				SWIFT_ACTIVE_COMPILATION_CONDITIONS = DEBUG;
				SWIFT_OPTIMIZATION_LEVEL = "-Onone";
			};
			name = Debug;
		};
		3028852129D163A200BE2E72 /* Release */ = {
			isa = XCBuildConfiguration;
			buildSettings = {
				ALWAYS_SEARCH_USER_PATHS = NO;
				CLANG_ANALYZER_NONNULL = YES;
				CLANG_ANALYZER_NUMBER_OBJECT_CONVERSION = YES_AGGRESSIVE;
				CLANG_CXX_LANGUAGE_STANDARD = "gnu++20";
				CLANG_ENABLE_MODULES = YES;
				CLANG_ENABLE_OBJC_ARC = YES;
				CLANG_ENABLE_OBJC_WEAK = YES;
				CLANG_WARN_BLOCK_CAPTURE_AUTORELEASING = YES;
				CLANG_WARN_BOOL_CONVERSION = YES;
				CLANG_WARN_COMMA = YES;
				CLANG_WARN_CONSTANT_CONVERSION = YES;
				CLANG_WARN_DEPRECATED_OBJC_IMPLEMENTATIONS = YES;
				CLANG_WARN_DIRECT_OBJC_ISA_USAGE = YES_ERROR;
				CLANG_WARN_DOCUMENTATION_COMMENTS = YES;
				CLANG_WARN_EMPTY_BODY = YES;
				CLANG_WARN_ENUM_CONVERSION = YES;
				CLANG_WARN_INFINITE_RECURSION = YES;
				CLANG_WARN_INT_CONVERSION = YES;
				CLANG_WARN_NON_LITERAL_NULL_CONVERSION = YES;
				CLANG_WARN_OBJC_IMPLICIT_RETAIN_SELF = YES;
				CLANG_WARN_OBJC_LITERAL_CONVERSION = YES;
				CLANG_WARN_OBJC_ROOT_CLASS = YES_ERROR;
				CLANG_WARN_QUOTED_INCLUDE_IN_FRAMEWORK_HEADER = YES;
				CLANG_WARN_RANGE_LOOP_ANALYSIS = YES;
				CLANG_WARN_STRICT_PROTOTYPES = YES;
				CLANG_WARN_SUSPICIOUS_MOVE = YES;
				CLANG_WARN_UNGUARDED_AVAILABILITY = YES_AGGRESSIVE;
				CLANG_WARN_UNREACHABLE_CODE = YES;
				CLANG_WARN__DUPLICATE_METHOD_MATCH = YES;
				COPY_PHASE_STRIP = NO;
				DEBUG_INFORMATION_FORMAT = "dwarf-with-dsym";
				ENABLE_NS_ASSERTIONS = NO;
				ENABLE_STRICT_OBJC_MSGSEND = YES;
				GCC_C_LANGUAGE_STANDARD = gnu11;
				GCC_NO_COMMON_BLOCKS = YES;
				GCC_WARN_64_TO_32_BIT_CONVERSION = YES;
				GCC_WARN_ABOUT_RETURN_TYPE = YES_ERROR;
				GCC_WARN_UNDECLARED_SELECTOR = YES;
				GCC_WARN_UNINITIALIZED_AUTOS = YES_AGGRESSIVE;
				GCC_WARN_UNUSED_FUNCTION = YES;
				GCC_WARN_UNUSED_VARIABLE = YES;
				IPHONEOS_DEPLOYMENT_TARGET = 16.2;
				MTL_ENABLE_DEBUG_INFO = NO;
				MTL_FAST_MATH = YES;
				SDKROOT = iphoneos;
				SWIFT_COMPILATION_MODE = wholemodule;
				SWIFT_OPTIMIZATION_LEVEL = "-O";
				VALIDATE_PRODUCT = YES;
			};
			name = Release;
		};
		3028852329D163A200BE2E72 /* Debug */ = {
			isa = XCBuildConfiguration;
			buildSettings = {
				ASSETCATALOG_COMPILER_APPICON_NAME = AppIcon;
				ASSETCATALOG_COMPILER_GLOBAL_ACCENT_COLOR_NAME = AccentColor;
				CODE_SIGN_STYLE = Automatic;
				CURRENT_PROJECT_VERSION = 1;
				DEVELOPMENT_ASSET_PATHS = "\"testRepo/Preview Content\"";
				ENABLE_PREVIEWS = YES;
				GENERATE_INFOPLIST_FILE = YES;
				INFOPLIST_KEY_UIApplicationSceneManifest_Generation = YES;
				INFOPLIST_KEY_UIApplicationSupportsIndirectInputEvents = YES;
				INFOPLIST_KEY_UILaunchScreen_Generation = YES;
				INFOPLIST_KEY_UISupportedInterfaceOrientations_iPad = "UIInterfaceOrientationPortrait UIInterfaceOrientationPortraitUpsideDown UIInterfaceOrientationLandscapeLeft UIInterfaceOrientationLandscapeRight";
				INFOPLIST_KEY_UISupportedInterfaceOrientations_iPhone = "UIInterfaceOrientationPortrait UIInterfaceOrientationLandscapeLeft UIInterfaceOrientationLandscapeRight";
				LD_RUNPATH_SEARCH_PATHS = (
					"$(inherited)",
					"@executable_path/Frameworks",
				);
				MARKETING_VERSION = 1.0;
				PRODUCT_BUNDLE_IDENTIFIER = test.testRepo;
				PRODUCT_NAME = "$(TARGET_NAME)";
				SWIFT_EMIT_LOC_STRINGS = YES;
				SWIFT_VERSION = 5.0;
				TARGETED_DEVICE_FAMILY = "1,2";
			};
			name = Debug;
		};
		3028852429D163A200BE2E72 /* Release */ = {
			isa = XCBuildConfiguration;
			buildSettings = {
				ASSETCATALOG_COMPILER_APPICON_NAME = AppIcon;
				ASSETCATALOG_COMPILER_GLOBAL_ACCENT_COLOR_NAME = AccentColor;
				CODE_SIGN_STYLE = Automatic;
				CURRENT_PROJECT_VERSION = 1;
				DEVELOPMENT_ASSET_PATHS = "\"testRepo/Preview Content\"";
				ENABLE_PREVIEWS = YES;
				GENERATE_INFOPLIST_FILE = YES;
				INFOPLIST_KEY_UIApplicationSceneManifest_Generation = YES;
				INFOPLIST_KEY_UIApplicationSupportsIndirectInputEvents = YES;
				INFOPLIST_KEY_UILaunchScreen_Generation = YES;
				INFOPLIST_KEY_UISupportedInterfaceOrientations_iPad = "UIInterfaceOrientationPortrait UIInterfaceOrientationPortraitUpsideDown UIInterfaceOrientationLandscapeLeft UIInterfaceOrientationLandscapeRight";
				INFOPLIST_KEY_UISupportedInterfaceOrientations_iPhone = "UIInterfaceOrientationPortrait UIInterfaceOrientationLandscapeLeft UIInterfaceOrientationLandscapeRight";
				LD_RUNPATH_SEARCH_PATHS = (
					"$(inherited)",
					"@executable_path/Frameworks",
				);
				MARKETING_VERSION = 1.0;
				PRODUCT_BUNDLE_IDENTIFIER = test.testRepo;
				PRODUCT_NAME = "$(TARGET_NAME)";
				SWIFT_EMIT_LOC_STRINGS = YES;
				SWIFT_VERSION = 5.0;
				TARGETED_DEVICE_FAMILY = "1,2";
			};
			name = Release;
		};
		3028852629D163A200BE2E72 /* Debug */ = {
			isa = XCBuildConfiguration;
			buildSettings = {
				ALWAYS_EMBED_SWIFT_STANDARD_LIBRARIES = YES;
				BUNDLE_LOADER = "$(TEST_HOST)";
				CODE_SIGN_STYLE = Automatic;
				CURRENT_PROJECT_VERSION = 1;
				GENERATE_INFOPLIST_FILE = YES;
				IPHONEOS_DEPLOYMENT_TARGET = 16.2;
				MARKETING_VERSION = 1.0;
				PRODUCT_BUNDLE_IDENTIFIER = test.testRepoTests;
				PRODUCT_NAME = "$(TARGET_NAME)";
				SWIFT_EMIT_LOC_STRINGS = NO;
				SWIFT_VERSION = 5.0;
				TARGETED_DEVICE_FAMILY = "1,2";
				TEST_HOST = "$(BUILT_PRODUCTS_DIR)/testRepo.app/$(BUNDLE_EXECUTABLE_FOLDER_PATH)/testRepo";
			};
			name = Debug;
		};
		3028852729D163A200BE2E72 /* Release */ = {
			isa = XCBuildConfiguration;
			buildSettings = {
				ALWAYS_EMBED_SWIFT_STANDARD_LIBRARIES = YES;
				BUNDLE_LOADER = "$(TEST_HOST)";
				CODE_SIGN_STYLE = Automatic;
				CURRENT_PROJECT_VERSION = 1;
				GENERATE_INFOPLIST_FILE = YES;
				IPHONEOS_DEPLOYMENT_TARGET = 16.2;
				MARKETING_VERSION = 1.0;
				PRODUCT_BUNDLE_IDENTIFIER = test.testRepoTests;
				PRODUCT_NAME = "$(TARGET_NAME)";
				SWIFT_EMIT_LOC_STRINGS = NO;
				SWIFT_VERSION = 5.0;
				TARGETED_DEVICE_FAMILY = "1,2";
				TEST_HOST = "$(BUILT_PRODUCTS_DIR)/testRepo.app/$(BUNDLE_EXECUTABLE_FOLDER_PATH)/testRepo";
			};
			name = Release;
		};
		3028852929D163A200BE2E72 /* Debug */ = {
			isa = XCBuildConfiguration;
			buildSettings = {
				ALWAYS_EMBED_SWIFT_STANDARD_LIBRARIES = YES;
				CODE_SIGN_STYLE = Automatic;
				CURRENT_PROJECT_VERSION = 1;
				GENERATE_INFOPLIST_FILE = YES;
				MARKETING_VERSION = 1.0;
				PRODUCT_BUNDLE_IDENTIFIER = test.testRepoUITests;
				PRODUCT_NAME = "$(TARGET_NAME)";
				SWIFT_EMIT_LOC_STRINGS = NO;
				SWIFT_VERSION = 5.0;
				TARGETED_DEVICE_FAMILY = "1,2";
				TEST_TARGET_NAME = testRepo;
			};
			name = Debug;
		};
		3028852A29D163A200BE2E72 /* Release */ = {
			isa = XCBuildConfiguration;
			buildSettings = {
				ALWAYS_EMBED_SWIFT_STANDARD_LIBRARIES = YES;
				CODE_SIGN_STYLE = Automatic;
				CURRENT_PROJECT_VERSION = 1;
				GENERATE_INFOPLIST_FILE = YES;
				MARKETING_VERSION = 1.0;
				PRODUCT_BUNDLE_IDENTIFIER = test.testRepoUITests;
				PRODUCT_NAME = "$(TARGET_NAME)";
				SWIFT_EMIT_LOC_STRINGS = NO;
				SWIFT_VERSION = 5.0;
				TARGETED_DEVICE_FAMILY = "1,2";
				TEST_TARGET_NAME = testRepo;
			};
			name = Release;
		};
/* End XCBuildConfiguration section */

/* Begin XCConfigurationList section */
		302884F429D163A100BE2E72 /* Build configuration list for PBXProject "testRepo" */ = {
			isa = XCConfigurationList;
			buildConfigurations = (
				3028852029D163A200BE2E72 /* Debug */,
				3028852129D163A200BE2E72 /* Release */,
			);
			defaultConfigurationIsVisible = 0;
			defaultConfigurationName = Release;
		};
		3028852229D163A200BE2E72 /* Build configuration list for PBXNativeTarget "testRepo" */ = {
			isa = XCConfigurationList;
			buildConfigurations = (
				3028852329D163A200BE2E72 /* Debug */,
				3028852429D163A200BE2E72 /* Release */,
			);
			defaultConfigurationIsVisible = 0;
			defaultConfigurationName = Release;
		};
		3028852529D163A200BE2E72 /* Build configuration list for PBXNativeTarget "testRepoTests" */ = {
			isa = XCConfigurationList;
			buildConfigurations = (
				3028852629D163A200BE2E72 /* Debug */,
				3028852729D163A200BE2E72 /* Release */,
			);
			defaultConfigurationIsVisible = 0;
			defaultConfigurationName = Release;
		};
		3028852829D163A200BE2E72 /* Build configuration list for PBXNativeTarget "testRepoUITests" */ = {
			isa = XCConfigurationList;
			buildConfigurations = (
				3028852929D163A200BE2E72 /* Debug */,
				3028852A29D163A200BE2E72 /* Release */,
			);
			defaultConfigurationIsVisible = 0;
			defaultConfigurationName = Release;
		};
/* End XCConfigurationList section */

/* Begin XCVersionGroup section */
		3028850729D163A200BE2E72 /* testRepo.xcdatamodeld */ = {
			isa = XCVersionGroup;
			children = (
				3028850829D163A200BE2E72 /* testRepo.xcdatamodel */,
			);
			currentVersion = 3028850829D163A200BE2E72 /* testRepo.xcdatamodel */;
			path = testRepo.xcdatamodeld;
			sourceTree = "<group>";
			versionGroupType = wrapper.xcdatamodel;
		};
/* End XCVersionGroup section */
	};
	rootObject = 302884F129D163A100BE2E72 /* Project object */;
}
